// !$*UTF8*$!
{
	archiveVersion = 1;
	classes = {
	};
	objectVersion = 48;
	objects = {

/* Begin PBXBuildFile section */
		D80A5F49204A198A00B11CE8 /* AppDelegate.swift in Sources */ = {isa = PBXBuildFile; fileRef = D80A5F48204A198A00B11CE8 /* AppDelegate.swift */; };
		D80A5F4B204A198A00B11CE8 /* GameScene.sks in Resources */ = {isa = PBXBuildFile; fileRef = D80A5F4A204A198A00B11CE8 /* GameScene.sks */; };
		D80A5F4D204A198A00B11CE8 /* Actions.sks in Resources */ = {isa = PBXBuildFile; fileRef = D80A5F4C204A198A00B11CE8 /* Actions.sks */; };
		D80A5F4F204A198A00B11CE8 /* GameScene.swift in Sources */ = {isa = PBXBuildFile; fileRef = D80A5F4E204A198A00B11CE8 /* GameScene.swift */; };
		D80A5F51204A198A00B11CE8 /* GameViewController.swift in Sources */ = {isa = PBXBuildFile; fileRef = D80A5F50204A198A00B11CE8 /* GameViewController.swift */; };
		D80A5F54204A198A00B11CE8 /* Main.storyboard in Resources */ = {isa = PBXBuildFile; fileRef = D80A5F52204A198A00B11CE8 /* Main.storyboard */; };
		D80A5F56204A198A00B11CE8 /* Assets.xcassets in Resources */ = {isa = PBXBuildFile; fileRef = D80A5F55204A198A00B11CE8 /* Assets.xcassets */; };
		D80A5F59204A198A00B11CE8 /* LaunchScreen.storyboard in Resources */ = {isa = PBXBuildFile; fileRef = D80A5F57204A198A00B11CE8 /* LaunchScreen.storyboard */; };
		D80A5F61204A1D6000B11CE8 /* MSButtonNode.swift in Sources */ = {isa = PBXBuildFile; fileRef = D80A5F60204A1D6000B11CE8 /* MSButtonNode.swift */; };
		D8CAB979204A3E8E00900BEE /* Grid.swift in Sources */ = {isa = PBXBuildFile; fileRef = D8CAB978204A3E8E00900BEE /* Grid.swift */; };
		D8CAB97B204A3F3E00900BEE /* Creature.swift in Sources */ = {isa = PBXBuildFile; fileRef = D8CAB97A204A3F3E00900BEE /* Creature.swift */; };
/* End PBXBuildFile section */

/* Begin PBXFileReference section */
		D80A5F45204A198A00B11CE8 /* Gameoflife.app */ = {isa = PBXFileReference; explicitFileType = wrapper.application; includeInIndex = 0; path = Gameoflife.app; sourceTree = BUILT_PRODUCTS_DIR; };
		D80A5F48204A198A00B11CE8 /* AppDelegate.swift */ = {isa = PBXFileReference; lastKnownFileType = sourcecode.swift; path = AppDelegate.swift; sourceTree = "<group>"; };
		D80A5F4A204A198A00B11CE8 /* GameScene.sks */ = {isa = PBXFileReference; lastKnownFileType = file.sks; path = GameScene.sks; sourceTree = "<group>"; };
		D80A5F4C204A198A00B11CE8 /* Actions.sks */ = {isa = PBXFileReference; lastKnownFileType = file.sks; path = Actions.sks; sourceTree = "<group>"; };
		D80A5F4E204A198A00B11CE8 /* GameScene.swift */ = {isa = PBXFileReference; lastKnownFileType = sourcecode.swift; path = GameScene.swift; sourceTree = "<group>"; };
		D80A5F50204A198A00B11CE8 /* GameViewController.swift */ = {isa = PBXFileReference; lastKnownFileType = sourcecode.swift; path = GameViewController.swift; sourceTree = "<group>"; };
		D80A5F53204A198A00B11CE8 /* Base */ = {isa = PBXFileReference; lastKnownFileType = file.storyboard; name = Base; path = Base.lproj/Main.storyboard; sourceTree = "<group>"; };
		D80A5F55204A198A00B11CE8 /* Assets.xcassets */ = {isa = PBXFileReference; lastKnownFileType = folder.assetcatalog; path = Assets.xcassets; sourceTree = "<group>"; };
		D80A5F58204A198A00B11CE8 /* Base */ = {isa = PBXFileReference; lastKnownFileType = file.storyboard; name = Base; path = Base.lproj/LaunchScreen.storyboard; sourceTree = "<group>"; };
		D80A5F5A204A198A00B11CE8 /* Info.plist */ = {isa = PBXFileReference; lastKnownFileType = text.plist.xml; path = Info.plist; sourceTree = "<group>"; };
		D80A5F60204A1D6000B11CE8 /* MSButtonNode.swift */ = {isa = PBXFileReference; fileEncoding = 4; lastKnownFileType = sourcecode.swift; path = MSButtonNode.swift; sourceTree = "<group>"; };
		D8CAB978204A3E8E00900BEE /* Grid.swift */ = {isa = PBXFileReference; lastKnownFileType = sourcecode.swift; path = Grid.swift; sourceTree = "<group>"; };
		D8CAB97A204A3F3E00900BEE /* Creature.swift */ = {isa = PBXFileReference; lastKnownFileType = sourcecode.swift; path = Creature.swift; sourceTree = "<group>"; };
/* End PBXFileReference section */

/* Begin PBXFrameworksBuildPhase section */
		D80A5F42204A198A00B11CE8 /* Frameworks */ = {
			isa = PBXFrameworksBuildPhase;
			buildActionMask = 2147483647;
			files = (
			);
			runOnlyForDeploymentPostprocessing = 0;
		};
/* End PBXFrameworksBuildPhase section */

/* Begin PBXGroup section */
		D80A5F3C204A198A00B11CE8 = {
			isa = PBXGroup;
			children = (
				D80A5F47204A198A00B11CE8 /* Gameoflife */,
				D80A5F46204A198A00B11CE8 /* Products */,
			);
			sourceTree = "<group>";
		};
		D80A5F46204A198A00B11CE8 /* Products */ = {
			isa = PBXGroup;
			children = (
				D80A5F45204A198A00B11CE8 /* Gameoflife.app */,
			);
			name = Products;
			sourceTree = "<group>";
		};
		D80A5F47204A198A00B11CE8 /* Gameoflife */ = {
			isa = PBXGroup;
			children = (
				D80A5F48204A198A00B11CE8 /* AppDelegate.swift */,
				D80A5F4A204A198A00B11CE8 /* GameScene.sks */,
				D8CAB978204A3E8E00900BEE /* Grid.swift */,
				D8CAB97A204A3F3E00900BEE /* Creature.swift */,
				D80A5F4C204A198A00B11CE8 /* Actions.sks */,
				D80A5F4E204A198A00B11CE8 /* GameScene.swift */,
				D80A5F50204A198A00B11CE8 /* GameViewController.swift */,
				D80A5F60204A1D6000B11CE8 /* MSButtonNode.swift */,
				D80A5F52204A198A00B11CE8 /* Main.storyboard */,
				D80A5F55204A198A00B11CE8 /* Assets.xcassets */,
				D80A5F57204A198A00B11CE8 /* LaunchScreen.storyboard */,
				D80A5F5A204A198A00B11CE8 /* Info.plist */,
			);
			path = Gameoflife;
			sourceTree = "<group>";
		};
/* End PBXGroup section */

/* Begin PBXNativeTarget section */
		D80A5F44204A198A00B11CE8 /* Gameoflife */ = {
			isa = PBXNativeTarget;
			buildConfigurationList = D80A5F5D204A198A00B11CE8 /* Build configuration list for PBXNativeTarget "Gameoflife" */;
			buildPhases = (
				D80A5F41204A198A00B11CE8 /* Sources */,
				D80A5F42204A198A00B11CE8 /* Frameworks */,
				D80A5F43204A198A00B11CE8 /* Resources */,
			);
			buildRules = (
			);
			dependencies = (
			);
			name = Gameoflife;
			productName = Gameoflife;
			productReference = D80A5F45204A198A00B11CE8 /* Gameoflife.app */;
			productType = "com.apple.product-type.application";
		};
/* End PBXNativeTarget section */

/* Begin PBXProject section */
		D80A5F3D204A198A00B11CE8 /* Project object */ = {
			isa = PBXProject;
			attributes = {
				LastSwiftUpdateCheck = 0920;
				LastUpgradeCheck = 0920;
				ORGANIZATIONNAME = "Ramon Geronimo";
				TargetAttributes = {
					D80A5F44204A198A00B11CE8 = {
						CreatedOnToolsVersion = 9.2;
						ProvisioningStyle = Automatic;
					};
				};
			};
			buildConfigurationList = D80A5F40204A198A00B11CE8 /* Build configuration list for PBXProject "Gameoflife" */;
			compatibilityVersion = "Xcode 8.0";
			developmentRegion = en;
			hasScannedForEncodings = 0;
			knownRegions = (
				en,
				Base,
			);
			mainGroup = D80A5F3C204A198A00B11CE8;
			productRefGroup = D80A5F46204A198A00B11CE8 /* Products */;
			projectDirPath = "";
			projectRoot = "";
			targets = (
				D80A5F44204A198A00B11CE8 /* Gameoflife */,
			);
		};
/* End PBXProject section */

/* Begin PBXResourcesBuildPhase section */
		D80A5F43204A198A00B11CE8 /* Resources */ = {
			isa = PBXResourcesBuildPhase;
			buildActionMask = 2147483647;
			files = (
				D80A5F54204A198A00B11CE8 /* Main.storyboard in Resources */,
				D80A5F4B204A198A00B11CE8 /* GameScene.sks in Resources */,
				D80A5F56204A198A00B11CE8 /* Assets.xcassets in Resources */,
				D80A5F59204A198A00B11CE8 /* LaunchScreen.storyboard in Resources */,
				D80A5F4D204A198A00B11CE8 /* Actions.sks in Resources */,
			);
			runOnlyForDeploymentPostprocessing = 0;
		};
/* End PBXResourcesBuildPhase section */

/* Begin PBXSourcesBuildPhase section */
		D80A5F41204A198A00B11CE8 /* Sources */ = {
			isa = PBXSourcesBuildPhase;
			buildActionMask = 2147483647;
			files = (
				D80A5F4F204A198A00B11CE8 /* GameScene.swift in Sources */,
				D80A5F51204A198A00B11CE8 /* GameViewController.swift in Sources */,
				D8CAB97B204A3F3E00900BEE /* Creature.swift in Sources */,
				D80A5F49204A198A00B11CE8 /* AppDelegate.swift in Sources */,
				D8CAB979204A3E8E00900BEE /* Grid.swift in Sources */,
				D80A5F61204A1D6000B11CE8 /* MSButtonNode.swift in Sources */,
			);
			runOnlyForDeploymentPostprocessing = 0;
		};
/* End PBXSourcesBuildPhase section */

/* Begin PBXVariantGroup section */
		D80A5F52204A198A00B11CE8 /* Main.storyboard */ = {
			isa = PBXVariantGroup;
			children = (
				D80A5F53204A198A00B11CE8 /* Base */,
			);
			name = Main.storyboard;
			sourceTree = "<group>";
		};
		D80A5F57204A198A00B11CE8 /* LaunchScreen.storyboard */ = {
			isa = PBXVariantGroup;
			children = (
				D80A5F58204A198A00B11CE8 /* Base */,
			);
			name = LaunchScreen.storyboard;
			sourceTree = "<group>";
		};
/* End PBXVariantGroup section */

/* Begin XCBuildConfiguration section */
		D80A5F5B204A198A00B11CE8 /* Debug */ = {
			isa = XCBuildConfiguration;
			buildSettings = {
				ALWAYS_SEARCH_USER_PATHS = NO;
				CLANG_ANALYZER_NONNULL = YES;
				CLANG_ANALYZER_NUMBER_OBJECT_CONVERSION = YES_AGGRESSIVE;
				CLANG_CXX_LANGUAGE_STANDARD = "gnu++14";
				CLANG_CXX_LIBRARY = "libc++";
				CLANG_ENABLE_MODULES = YES;
				CLANG_ENABLE_OBJC_ARC = YES;
				CLANG_WARN_BLOCK_CAPTURE_AUTORELEASING = YES;
				CLANG_WARN_BOOL_CONVERSION = YES;
				CLANG_WARN_COMMA = YES;
				CLANG_WARN_CONSTANT_CONVERSION = YES;
				CLANG_WARN_DIRECT_OBJC_ISA_USAGE = YES_ERROR;
				CLANG_WARN_DOCUMENTATION_COMMENTS = YES;
				CLANG_WARN_EMPTY_BODY = YES;
				CLANG_WARN_ENUM_CONVERSION = YES;
				CLANG_WARN_INFINITE_RECURSION = YES;
				CLANG_WARN_INT_CONVERSION = YES;
				CLANG_WARN_NON_LITERAL_NULL_CONVERSION = YES;
				CLANG_WARN_OBJC_LITERAL_CONVERSION = YES;
				CLANG_WARN_OBJC_ROOT_CLASS = YES_ERROR;
				CLANG_WARN_RANGE_LOOP_ANALYSIS = YES;
				CLANG_WARN_STRICT_PROTOTYPES = YES;
				CLANG_WARN_SUSPICIOUS_MOVE = YES;
				CLANG_WARN_UNGUARDED_AVAILABILITY = YES_AGGRESSIVE;
				CLANG_WARN_UNREACHABLE_CODE = YES;
				CLANG_WARN__DUPLICATE_METHOD_MATCH = YES;
				CODE_SIGN_IDENTITY = "iPhone Developer";
				COPY_PHASE_STRIP = NO;
				DEBUG_INFORMATION_FORMAT = dwarf;
				ENABLE_STRICT_OBJC_MSGSEND = YES;
				ENABLE_TESTABILITY = YES;
				GCC_C_LANGUAGE_STANDARD = gnu11;
				GCC_DYNAMIC_NO_PIC = NO;
				GCC_NO_COMMON_BLOCKS = YES;
				GCC_OPTIMIZATION_LEVEL = 0;
				GCC_PREPROCESSOR_DEFINITIONS = (
					"DEBUG=1",
					"$(inherited)",
				);
				GCC_WARN_64_TO_32_BIT_CONVERSION = YES;
				GCC_WARN_ABOUT_RETURN_TYPE = YES_ERROR;
				GCC_WARN_UNDECLARED_SELECTOR = YES;
				GCC_WARN_UNINITIALIZED_AUTOS = YES_AGGRESSIVE;
				GCC_WARN_UNUSED_FUNCTION = YES;
				GCC_WARN_UNUSED_VARIABLE = YES;
				IPHONEOS_DEPLOYMENT_TARGET = 11.2;
				MTL_ENABLE_DEBUG_INFO = YES;
				ONLY_ACTIVE_ARCH = YES;
				SDKROOT = iphoneos;
				SWIFT_ACTIVE_COMPILATION_CONDITIONS = DEBUG;
				SWIFT_OPTIMIZATION_LEVEL = "-Onone";
			};
			name = Debug;
		};
		D80A5F5C204A198A00B11CE8 /* Release */ = {
			isa = XCBuildConfiguration;
			buildSettings = {
				ALWAYS_SEARCH_USER_PATHS = NO;
				CLANG_ANALYZER_NONNULL = YES;
				CLANG_ANALYZER_NUMBER_OBJECT_CONVERSION = YES_AGGRESSIVE;
				CLANG_CXX_LANGUAGE_STANDARD = "gnu++14";
				CLANG_CXX_LIBRARY = "libc++";
				CLANG_ENABLE_MODULES = YES;
				CLANG_ENABLE_OBJC_ARC = YES;
				CLANG_WARN_BLOCK_CAPTURE_AUTORELEASING = YES;
				CLANG_WARN_BOOL_CONVERSION = YES;
				CLANG_WARN_COMMA = YES;
				CLANG_WARN_CONSTANT_CONVERSION = YES;
				CLANG_WARN_DIRECT_OBJC_ISA_USAGE = YES_ERROR;
				CLANG_WARN_DOCUMENTATION_COMMENTS = YES;
				CLANG_WARN_EMPTY_BODY = YES;
				CLANG_WARN_ENUM_CONVERSION = YES;
				CLANG_WARN_INFINITE_RECURSION = YES;
				CLANG_WARN_INT_CONVERSION = YES;
				CLANG_WARN_NON_LITERAL_NULL_CONVERSION = YES;
				CLANG_WARN_OBJC_LITERAL_CONVERSION = YES;
				CLANG_WARN_OBJC_ROOT_CLASS = YES_ERROR;
				CLANG_WARN_RANGE_LOOP_ANALYSIS = YES;
				CLANG_WARN_STRICT_PROTOTYPES = YES;
				CLANG_WARN_SUSPICIOUS_MOVE = YES;
				CLANG_WARN_UNGUARDED_AVAILABILITY = YES_AGGRESSIVE;
				CLANG_WARN_UNREACHABLE_CODE = YES;
				CLANG_WARN__DUPLICATE_METHOD_MATCH = YES;
				CODE_SIGN_IDENTITY = "iPhone Developer";
				COPY_PHASE_STRIP = NO;
				DEBUG_INFORMATION_FORMAT = "dwarf-with-dsym";
				ENABLE_NS_ASSERTIONS = NO;
				ENABLE_STRICT_OBJC_MSGSEND = YES;
				GCC_C_LANGUAGE_STANDARD = gnu11;
				GCC_NO_COMMON_BLOCKS = YES;
				GCC_WARN_64_TO_32_BIT_CONVERSION = YES;
				GCC_WARN_ABOUT_RETURN_TYPE = YES_ERROR;
				GCC_WARN_UNDECLARED_SELECTOR = YES;
				GCC_WARN_UNINITIALIZED_AUTOS = YES_AGGRESSIVE;
				GCC_WARN_UNUSED_FUNCTION = YES;
				GCC_WARN_UNUSED_VARIABLE = YES;
				IPHONEOS_DEPLOYMENT_TARGET = 11.2;
				MTL_ENABLE_DEBUG_INFO = NO;
				SDKROOT = iphoneos;
				SWIFT_OPTIMIZATION_LEVEL = "-Owholemodule";
				VALIDATE_PRODUCT = YES;
			};
			name = Release;
		};
		D80A5F5E204A198A00B11CE8 /* Debug */ = {
			isa = XCBuildConfiguration;
			buildSettings = {
				ASSETCATALOG_COMPILER_APPICON_NAME = AppIcon;
				CODE_SIGN_STYLE = Automatic;
				DEVELOPMENT_TEAM = 29KKRTJA28;
				INFOPLIST_FILE = Gameoflife/Info.plist;
				LD_RUNPATH_SEARCH_PATHS = "$(inherited) @executable_path/Frameworks";
				PRODUCT_BUNDLE_IDENTIFIER = com.ramongeronimo.Gameoflife;
				PRODUCT_NAME = "$(TARGET_NAME)";
				SWIFT_VERSION = 4.0;
				TARGETED_DEVICE_FAMILY = "1,2";
			};
			name = Debug;
		};
		D80A5F5F204A198A00B11CE8 /* Release */ = {
			isa = XCBuildConfiguration;
			buildSettings = {
				ASSETCATALOG_COMPILER_APPICON_NAME = AppIcon;
				CODE_SIGN_STYLE = Automatic;
				DEVELOPMENT_TEAM = 29KKRTJA28;
				INFOPLIST_FILE = Gameoflife/Info.plist;
				LD_RUNPATH_SEARCH_PATHS = "$(inherited) @executable_path/Frameworks";
				PRODUCT_BUNDLE_IDENTIFIER = com.ramongeronimo.Gameoflife;
				PRODUCT_NAME = "$(TARGET_NAME)";
				SWIFT_VERSION = 4.0;
				TARGETED_DEVICE_FAMILY = "1,2";
			};
			name = Release;
		};
/* End XCBuildConfiguration section */

/* Begin XCConfigurationList section */
		D80A5F40204A198A00B11CE8 /* Build configuration list for PBXProject "Gameoflife" */ = {
			isa = XCConfigurationList;
			buildConfigurations = (
				D80A5F5B204A198A00B11CE8 /* Debug */,
				D80A5F5C204A198A00B11CE8 /* Release */,
			);
			defaultConfigurationIsVisible = 0;
			defaultConfigurationName = Release;
		};
		D80A5F5D204A198A00B11CE8 /* Build configuration list for PBXNativeTarget "Gameoflife" */ = {
			isa = XCConfigurationList;
			buildConfigurations = (
				D80A5F5E204A198A00B11CE8 /* Debug */,
				D80A5F5F204A198A00B11CE8 /* Release */,
			);
			defaultConfigurationIsVisible = 0;
			defaultConfigurationName = Release;
		};
/* End XCConfigurationList section */
	};
	rootObject = D80A5F3D204A198A00B11CE8 /* Project object */;
}
